// !$*UTF8*$!
{
	archiveVersion = 1;
	classes = {
	};
	objectVersion = 56;
	objects = {

/* Begin PBXBuildFile section */
		6878BF572C74DCB200EE828F /* AppDelegate.swift in Sources */ = {isa = PBXBuildFile; fileRef = 6878BF562C74DCB200EE828F /* AppDelegate.swift */; };
		6878BF592C74DCB200EE828F /* SceneDelegate.swift in Sources */ = {isa = PBXBuildFile; fileRef = 6878BF582C74DCB200EE828F /* SceneDelegate.swift */; };
		6878BF5B2C74DCB200EE828F /* ViewController.swift in Sources */ = {isa = PBXBuildFile; fileRef = 6878BF5A2C74DCB200EE828F /* ViewController.swift */; };
		6878BF5E2C74DCB200EE828F /* Main.storyboard in Resources */ = {isa = PBXBuildFile; fileRef = 6878BF5C2C74DCB200EE828F /* Main.storyboard */; };
		6878BF602C74DCB400EE828F /* Assets.xcassets in Resources */ = {isa = PBXBuildFile; fileRef = 6878BF5F2C74DCB400EE828F /* Assets.xcassets */; };
		6878BF632C74DCB400EE828F /* LaunchScreen.storyboard in Resources */ = {isa = PBXBuildFile; fileRef = 6878BF612C74DCB400EE828F /* LaunchScreen.storyboard */; };
		6878BF6E2C74DCB400EE828F /* KJNoteBookTests.swift in Sources */ = {isa = PBXBuildFile; fileRef = 6878BF6D2C74DCB400EE828F /* KJNoteBookTests.swift */; };
		6878BF782C74DCB400EE828F /* KJNoteBookUITests.swift in Sources */ = {isa = PBXBuildFile; fileRef = 6878BF772C74DCB400EE828F /* KJNoteBookUITests.swift */; };
		6878BF7A2C74DCB400EE828F /* KJNoteBookUITestsLaunchTests.swift in Sources */ = {isa = PBXBuildFile; fileRef = 6878BF792C74DCB400EE828F /* KJNoteBookUITestsLaunchTests.swift */; };
/* End PBXBuildFile section */

/* Begin PBXContainerItemProxy section */
		6878BF6A2C74DCB400EE828F /* PBXContainerItemProxy */ = {
			isa = PBXContainerItemProxy;
			containerPortal = 6878BF4B2C74DCB200EE828F /* Project object */;
			proxyType = 1;
			remoteGlobalIDString = 6878BF522C74DCB200EE828F;
			remoteInfo = KJNoteBook;
		};
		6878BF742C74DCB400EE828F /* PBXContainerItemProxy */ = {
			isa = PBXContainerItemProxy;
			containerPortal = 6878BF4B2C74DCB200EE828F /* Project object */;
			proxyType = 1;
			remoteGlobalIDString = 6878BF522C74DCB200EE828F;
			remoteInfo = KJNoteBook;
		};
/* End PBXContainerItemProxy section */

/* Begin PBXFileReference section */
		6878BF532C74DCB200EE828F /* KJNoteBook.app */ = {isa = PBXFileReference; explicitFileType = wrapper.application; includeInIndex = 0; path = KJNoteBook.app; sourceTree = BUILT_PRODUCTS_DIR; };
		6878BF562C74DCB200EE828F /* AppDelegate.swift */ = {isa = PBXFileReference; lastKnownFileType = sourcecode.swift; path = AppDelegate.swift; sourceTree = "<group>"; };
		6878BF582C74DCB200EE828F /* SceneDelegate.swift */ = {isa = PBXFileReference; lastKnownFileType = sourcecode.swift; path = SceneDelegate.swift; sourceTree = "<group>"; };
		6878BF5A2C74DCB200EE828F /* ViewController.swift */ = {isa = PBXFileReference; lastKnownFileType = sourcecode.swift; path = ViewController.swift; sourceTree = "<group>"; };
		6878BF5D2C74DCB200EE828F /* Base */ = {isa = PBXFileReference; lastKnownFileType = file.storyboard; name = Base; path = Base.lproj/Main.storyboard; sourceTree = "<group>"; };
		6878BF5F2C74DCB400EE828F /* Assets.xcassets */ = {isa = PBXFileReference; lastKnownFileType = folder.assetcatalog; path = Assets.xcassets; sourceTree = "<group>"; };
		6878BF622C74DCB400EE828F /* Base */ = {isa = PBXFileReference; lastKnownFileType = file.storyboard; name = Base; path = Base.lproj/LaunchScreen.storyboard; sourceTree = "<group>"; };
		6878BF642C74DCB400EE828F /* Info.plist */ = {isa = PBXFileReference; lastKnownFileType = text.plist.xml; path = Info.plist; sourceTree = "<group>"; };
		6878BF692C74DCB400EE828F /* KJNoteBookTests.xctest */ = {isa = PBXFileReference; explicitFileType = wrapper.cfbundle; includeInIndex = 0; path = KJNoteBookTests.xctest; sourceTree = BUILT_PRODUCTS_DIR; };
		6878BF6D2C74DCB400EE828F /* KJNoteBookTests.swift */ = {isa = PBXFileReference; lastKnownFileType = sourcecode.swift; path = KJNoteBookTests.swift; sourceTree = "<group>"; };
		6878BF732C74DCB400EE828F /* KJNoteBookUITests.xctest */ = {isa = PBXFileReference; explicitFileType = wrapper.cfbundle; includeInIndex = 0; path = KJNoteBookUITests.xctest; sourceTree = BUILT_PRODUCTS_DIR; };
		6878BF772C74DCB400EE828F /* KJNoteBookUITests.swift */ = {isa = PBXFileReference; lastKnownFileType = sourcecode.swift; path = KJNoteBookUITests.swift; sourceTree = "<group>"; };
		6878BF792C74DCB400EE828F /* KJNoteBookUITestsLaunchTests.swift */ = {isa = PBXFileReference; lastKnownFileType = sourcecode.swift; path = KJNoteBookUITestsLaunchTests.swift; sourceTree = "<group>"; };
/* End PBXFileReference section */

/* Begin PBXFrameworksBuildPhase section */
		6878BF502C74DCB200EE828F /* Frameworks */ = {
			isa = PBXFrameworksBuildPhase;
			buildActionMask = 2147483647;
			files = (
			);
			runOnlyForDeploymentPostprocessing = 0;
		};
		6878BF662C74DCB400EE828F /* Frameworks */ = {
			isa = PBXFrameworksBuildPhase;
			buildActionMask = 2147483647;
			files = (
			);
			runOnlyForDeploymentPostprocessing = 0;
		};
		6878BF702C74DCB400EE828F /* Frameworks */ = {
			isa = PBXFrameworksBuildPhase;
			buildActionMask = 2147483647;
			files = (
			);
			runOnlyForDeploymentPostprocessing = 0;
		};
/* End PBXFrameworksBuildPhase section */

/* Begin PBXGroup section */
		6878BF4A2C74DCB200EE828F = {
			isa = PBXGroup;
			children = (
				6878BF552C74DCB200EE828F /* KJNoteBook */,
				6878BF6C2C74DCB400EE828F /* KJNoteBookTests */,
				6878BF762C74DCB400EE828F /* KJNoteBookUITests */,
				6878BF542C74DCB200EE828F /* Products */,
			);
			sourceTree = "<group>";
		};
		6878BF542C74DCB200EE828F /* Products */ = {
			isa = PBXGroup;
			children = (
				6878BF532C74DCB200EE828F /* KJNoteBook.app */,
				6878BF692C74DCB400EE828F /* KJNoteBookTests.xctest */,
				6878BF732C74DCB400EE828F /* KJNoteBookUITests.xctest */,
			);
			name = Products;
			sourceTree = "<group>";
		};
		6878BF552C74DCB200EE828F /* KJNoteBook */ = {
			isa = PBXGroup;
			children = (
				6878BF562C74DCB200EE828F /* AppDelegate.swift */,
				6878BF582C74DCB200EE828F /* SceneDelegate.swift */,
				6878BF5A2C74DCB200EE828F /* ViewController.swift */,
				6878BF5C2C74DCB200EE828F /* Main.storyboard */,
				6878BF5F2C74DCB400EE828F /* Assets.xcassets */,
				6878BF612C74DCB400EE828F /* LaunchScreen.storyboard */,
				6878BF642C74DCB400EE828F /* Info.plist */,
			);
			path = KJNoteBook;
			sourceTree = "<group>";
		};
		6878BF6C2C74DCB400EE828F /* KJNoteBookTests */ = {
			isa = PBXGroup;
			children = (
				6878BF6D2C74DCB400EE828F /* KJNoteBookTests.swift */,
			);
			path = KJNoteBookTests;
			sourceTree = "<group>";
		};
		6878BF762C74DCB400EE828F /* KJNoteBookUITests */ = {
			isa = PBXGroup;
			children = (
				6878BF772C74DCB400EE828F /* KJNoteBookUITests.swift */,
				6878BF792C74DCB400EE828F /* KJNoteBookUITestsLaunchTests.swift */,
			);
			path = KJNoteBookUITests;
			sourceTree = "<group>";
		};
/* End PBXGroup section */

/* Begin PBXNativeTarget section */
		6878BF522C74DCB200EE828F /* KJNoteBook */ = {
			isa = PBXNativeTarget;
			buildConfigurationList = 6878BF7D2C74DCB400EE828F /* Build configuration list for PBXNativeTarget "KJNoteBook" */;
			buildPhases = (
				6878BF4F2C74DCB200EE828F /* Sources */,
				6878BF502C74DCB200EE828F /* Frameworks */,
				6878BF512C74DCB200EE828F /* Resources */,
			);
			buildRules = (
			);
			dependencies = (
			);
			name = KJNoteBook;
			productName = KJNoteBook;
			productReference = 6878BF532C74DCB200EE828F /* KJNoteBook.app */;
			productType = "com.apple.product-type.application";
		};
		6878BF682C74DCB400EE828F /* KJNoteBookTests */ = {
			isa = PBXNativeTarget;
			buildConfigurationList = 6878BF802C74DCB400EE828F /* Build configuration list for PBXNativeTarget "KJNoteBookTests" */;
			buildPhases = (
				6878BF652C74DCB400EE828F /* Sources */,
				6878BF662C74DCB400EE828F /* Frameworks */,
				6878BF672C74DCB400EE828F /* Resources */,
			);
			buildRules = (
			);
			dependencies = (
				6878BF6B2C74DCB400EE828F /* PBXTargetDependency */,
			);
			name = KJNoteBookTests;
			productName = KJNoteBookTests;
			productReference = 6878BF692C74DCB400EE828F /* KJNoteBookTests.xctest */;
			productType = "com.apple.product-type.bundle.unit-test";
		};
		6878BF722C74DCB400EE828F /* KJNoteBookUITests */ = {
			isa = PBXNativeTarget;
			buildConfigurationList = 6878BF832C74DCB400EE828F /* Build configuration list for PBXNativeTarget "KJNoteBookUITests" */;
			buildPhases = (
				6878BF6F2C74DCB400EE828F /* Sources */,
				6878BF702C74DCB400EE828F /* Frameworks */,
				6878BF712C74DCB400EE828F /* Resources */,
			);
			buildRules = (
			);
			dependencies = (
				6878BF752C74DCB400EE828F /* PBXTargetDependency */,
			);
			name = KJNoteBookUITests;
			productName = KJNoteBookUITests;
			productReference = 6878BF732C74DCB400EE828F /* KJNoteBookUITests.xctest */;
			productType = "com.apple.product-type.bundle.ui-testing";
		};
/* End PBXNativeTarget section */

/* Begin PBXProject section */
		6878BF4B2C74DCB200EE828F /* Project object */ = {
			isa = PBXProject;
			attributes = {
				BuildIndependentTargetsInParallel = 1;
				LastSwiftUpdateCheck = 1400;
				LastUpgradeCheck = 1400;
				TargetAttributes = {
					6878BF522C74DCB200EE828F = {
						CreatedOnToolsVersion = 14.0;
					};
					6878BF682C74DCB400EE828F = {
						CreatedOnToolsVersion = 14.0;
						TestTargetID = 6878BF522C74DCB200EE828F;
					};
					6878BF722C74DCB400EE828F = {
						CreatedOnToolsVersion = 14.0;
						TestTargetID = 6878BF522C74DCB200EE828F;
					};
				};
			};
			buildConfigurationList = 6878BF4E2C74DCB200EE828F /* Build configuration list for PBXProject "KJNoteBook" */;
			compatibilityVersion = "Xcode 14.0";
			developmentRegion = en;
			hasScannedForEncodings = 0;
			knownRegions = (
				en,
				Base,
			);
			mainGroup = 6878BF4A2C74DCB200EE828F;
			productRefGroup = 6878BF542C74DCB200EE828F /* Products */;
			projectDirPath = "";
			projectRoot = "";
			targets = (
				6878BF522C74DCB200EE828F /* KJNoteBook */,
				6878BF682C74DCB400EE828F /* KJNoteBookTests */,
				6878BF722C74DCB400EE828F /* KJNoteBookUITests */,
			);
		};
/* End PBXProject section */

/* Begin PBXResourcesBuildPhase section */
		6878BF512C74DCB200EE828F /* Resources */ = {
			isa = PBXResourcesBuildPhase;
			buildActionMask = 2147483647;
			files = (
				6878BF632C74DCB400EE828F /* LaunchScreen.storyboard in Resources */,
				6878BF602C74DCB400EE828F /* Assets.xcassets in Resources */,
				6878BF5E2C74DCB200EE828F /* Main.storyboard in Resources */,
			);
			runOnlyForDeploymentPostprocessing = 0;
		};
		6878BF672C74DCB400EE828F /* Resources */ = {
			isa = PBXResourcesBuildPhase;
			buildActionMask = 2147483647;
			files = (
			);
			runOnlyForDeploymentPostprocessing = 0;
		};
		6878BF712C74DCB400EE828F /* Resources */ = {
			isa = PBXResourcesBuildPhase;
			buildActionMask = 2147483647;
			files = (
			);
			runOnlyForDeploymentPostprocessing = 0;
		};
/* End PBXResourcesBuildPhase section */

/* Begin PBXSourcesBuildPhase section */
		6878BF4F2C74DCB200EE828F /* Sources */ = {
			isa = PBXSourcesBuildPhase;
			buildActionMask = 2147483647;
			files = (
				6878BF5B2C74DCB200EE828F /* ViewController.swift in Sources */,
				6878BF572C74DCB200EE828F /* AppDelegate.swift in Sources */,
				6878BF592C74DCB200EE828F /* SceneDelegate.swift in Sources */,
			);
			runOnlyForDeploymentPostprocessing = 0;
		};
		6878BF652C74DCB400EE828F /* Sources */ = {
			isa = PBXSourcesBuildPhase;
			buildActionMask = 2147483647;
			files = (
				6878BF6E2C74DCB400EE828F /* KJNoteBookTests.swift in Sources */,
			);
			runOnlyForDeploymentPostprocessing = 0;
		};
		6878BF6F2C74DCB400EE828F /* Sources */ = {
			isa = PBXSourcesBuildPhase;
			buildActionMask = 2147483647;
			files = (
				6878BF7A2C74DCB400EE828F /* KJNoteBookUITestsLaunchTests.swift in Sources */,
				6878BF782C74DCB400EE828F /* KJNoteBookUITests.swift in Sources */,
			);
			runOnlyForDeploymentPostprocessing = 0;
		};
/* End PBXSourcesBuildPhase section */

/* Begin PBXTargetDependency section */
		6878BF6B2C74DCB400EE828F /* PBXTargetDependency */ = {
			isa = PBXTargetDependency;
			target = 6878BF522C74DCB200EE828F /* KJNoteBook */;
			targetProxy = 6878BF6A2C74DCB400EE828F /* PBXContainerItemProxy */;
		};
		6878BF752C74DCB400EE828F /* PBXTargetDependency */ = {
			isa = PBXTargetDependency;
			target = 6878BF522C74DCB200EE828F /* KJNoteBook */;
			targetProxy = 6878BF742C74DCB400EE828F /* PBXContainerItemProxy */;
		};
/* End PBXTargetDependency section */

/* Begin PBXVariantGroup section */
		6878BF5C2C74DCB200EE828F /* Main.storyboard */ = {
			isa = PBXVariantGroup;
			children = (
				6878BF5D2C74DCB200EE828F /* Base */,
			);
			name = Main.storyboard;
			sourceTree = "<group>";
		};
		6878BF612C74DCB400EE828F /* LaunchScreen.storyboard */ = {
			isa = PBXVariantGroup;
			children = (
				6878BF622C74DCB400EE828F /* Base */,
			);
			name = LaunchScreen.storyboard;
			sourceTree = "<group>";
		};
/* End PBXVariantGroup section */

/* Begin XCBuildConfiguration section */
		6878BF7B2C74DCB400EE828F /* Debug */ = {
			isa = XCBuildConfiguration;
			buildSettings = {
				ALWAYS_SEARCH_USER_PATHS = NO;
				CLANG_ANALYZER_NONNULL = YES;
				CLANG_ANALYZER_NUMBER_OBJECT_CONVERSION = YES_AGGRESSIVE;
				CLANG_CXX_LANGUAGE_STANDARD = "gnu++20";
				CLANG_ENABLE_MODULES = YES;
				CLANG_ENABLE_OBJC_ARC = YES;
				CLANG_ENABLE_OBJC_WEAK = YES;
				CLANG_WARN_BLOCK_CAPTURE_AUTORELEASING = YES;
				CLANG_WARN_BOOL_CONVERSION = YES;
				CLANG_WARN_COMMA = YES;
				CLANG_WARN_CONSTANT_CONVERSION = YES;
				CLANG_WARN_DEPRECATED_OBJC_IMPLEMENTATIONS = YES;
				CLANG_WARN_DIRECT_OBJC_ISA_USAGE = YES_ERROR;
				CLANG_WARN_DOCUMENTATION_COMMENTS = YES;
				CLANG_WARN_EMPTY_BODY = YES;
				CLANG_WARN_ENUM_CONVERSION = YES;
				CLANG_WARN_INFINITE_RECURSION = YES;
				CLANG_WARN_INT_CONVERSION = YES;
				CLANG_WARN_NON_LITERAL_NULL_CONVERSION = YES;
				CLANG_WARN_OBJC_IMPLICIT_RETAIN_SELF = YES;
				CLANG_WARN_OBJC_LITERAL_CONVERSION = YES;
				CLANG_WARN_OBJC_ROOT_CLASS = YES_ERROR;
				CLANG_WARN_QUOTED_INCLUDE_IN_FRAMEWORK_HEADER = YES;
				CLANG_WARN_RANGE_LOOP_ANALYSIS = YES;
				CLANG_WARN_STRICT_PROTOTYPES = YES;
				CLANG_WARN_SUSPICIOUS_MOVE = YES;
				CLANG_WARN_UNGUARDED_AVAILABILITY = YES_AGGRESSIVE;
				CLANG_WARN_UNREACHABLE_CODE = YES;
				CLANG_WARN__DUPLICATE_METHOD_MATCH = YES;
				COPY_PHASE_STRIP = NO;
				DEBUG_INFORMATION_FORMAT = dwarf;
				ENABLE_STRICT_OBJC_MSGSEND = YES;
				ENABLE_TESTABILITY = YES;
				GCC_C_LANGUAGE_STANDARD = gnu11;
				GCC_DYNAMIC_NO_PIC = NO;
				GCC_NO_COMMON_BLOCKS = YES;
				GCC_OPTIMIZATION_LEVEL = 0;
				GCC_PREPROCESSOR_DEFINITIONS = (
					"DEBUG=1",
					"$(inherited)",
				);
				GCC_WARN_64_TO_32_BIT_CONVERSION = YES;
				GCC_WARN_ABOUT_RETURN_TYPE = YES_ERROR;
				GCC_WARN_UNDECLARED_SELECTOR = YES;
				GCC_WARN_UNINITIALIZED_AUTOS = YES_AGGRESSIVE;
				GCC_WARN_UNUSED_FUNCTION = YES;
				GCC_WARN_UNUSED_VARIABLE = YES;
				IPHONEOS_DEPLOYMENT_TARGET = 16.0;
				MTL_ENABLE_DEBUG_INFO = INCLUDE_SOURCE;
				MTL_FAST_MATH = YES;
				ONLY_ACTIVE_ARCH = YES;
				SDKROOT = iphoneos;
				SWIFT_ACTIVE_COMPILATION_CONDITIONS = DEBUG;
				SWIFT_OPTIMIZATION_LEVEL = "-Onone";
			};
			name = Debug;
		};
		6878BF7C2C74DCB400EE828F /* Release */ = {
			isa = XCBuildConfiguration;
			buildSettings = {
				ALWAYS_SEARCH_USER_PATHS = NO;
				CLANG_ANALYZER_NONNULL = YES;
				CLANG_ANALYZER_NUMBER_OBJECT_CONVERSION = YES_AGGRESSIVE;
				CLANG_CXX_LANGUAGE_STANDARD = "gnu++20";
				CLANG_ENABLE_MODULES = YES;
				CLANG_ENABLE_OBJC_ARC = YES;
				CLANG_ENABLE_OBJC_WEAK = YES;
				CLANG_WARN_BLOCK_CAPTURE_AUTORELEASING = YES;
				CLANG_WARN_BOOL_CONVERSION = YES;
				CLANG_WARN_COMMA = YES;
				CLANG_WARN_CONSTANT_CONVERSION = YES;
				CLANG_WARN_DEPRECATED_OBJC_IMPLEMENTATIONS = YES;
				CLANG_WARN_DIRECT_OBJC_ISA_USAGE = YES_ERROR;
				CLANG_WARN_DOCUMENTATION_COMMENTS = YES;
				CLANG_WARN_EMPTY_BODY = YES;
				CLANG_WARN_ENUM_CONVERSION = YES;
				CLANG_WARN_INFINITE_RECURSION = YES;
				CLANG_WARN_INT_CONVERSION = YES;
				CLANG_WARN_NON_LITERAL_NULL_CONVERSION = YES;
				CLANG_WARN_OBJC_IMPLICIT_RETAIN_SELF = YES;
				CLANG_WARN_OBJC_LITERAL_CONVERSION = YES;
				CLANG_WARN_OBJC_ROOT_CLASS = YES_ERROR;
				CLANG_WARN_QUOTED_INCLUDE_IN_FRAMEWORK_HEADER = YES;
				CLANG_WARN_RANGE_LOOP_ANALYSIS = YES;
				CLANG_WARN_STRICT_PROTOTYPES = YES;
				CLANG_WARN_SUSPICIOUS_MOVE = YES;
				CLANG_WARN_UNGUARDED_AVAILABILITY = YES_AGGRESSIVE;
				CLANG_WARN_UNREACHABLE_CODE = YES;
				CLANG_WARN__DUPLICATE_METHOD_MATCH = YES;
				COPY_PHASE_STRIP = NO;
				DEBUG_INFORMATION_FORMAT = "dwarf-with-dsym";
				ENABLE_NS_ASSERTIONS = NO;
				ENABLE_STRICT_OBJC_MSGSEND = YES;
				GCC_C_LANGUAGE_STANDARD = gnu11;
				GCC_NO_COMMON_BLOCKS = YES;
				GCC_WARN_64_TO_32_BIT_CONVERSION = YES;
				GCC_WARN_ABOUT_RETURN_TYPE = YES_ERROR;
				GCC_WARN_UNDECLARED_SELECTOR = YES;
				GCC_WARN_UNINITIALIZED_AUTOS = YES_AGGRESSIVE;
				GCC_WARN_UNUSED_FUNCTION = YES;
				GCC_WARN_UNUSED_VARIABLE = YES;
				IPHONEOS_DEPLOYMENT_TARGET = 16.0;
				MTL_ENABLE_DEBUG_INFO = NO;
				MTL_FAST_MATH = YES;
				SDKROOT = iphoneos;
				SWIFT_COMPILATION_MODE = wholemodule;
				SWIFT_OPTIMIZATION_LEVEL = "-O";
				VALIDATE_PRODUCT = YES;
			};
			name = Release;
		};
		6878BF7E2C74DCB400EE828F /* Debug */ = {
			isa = XCBuildConfiguration;
			buildSettings = {
				ASSETCATALOG_COMPILER_APPICON_NAME = AppIcon;
				ASSETCATALOG_COMPILER_GLOBAL_ACCENT_COLOR_NAME = AccentColor;
				CODE_SIGN_STYLE = Automatic;
				CURRENT_PROJECT_VERSION = 1;
				DEVELOPMENT_TEAM = 6T2VWAK6CR;
				GENERATE_INFOPLIST_FILE = YES;
				INFOPLIST_FILE = KJNoteBook/Info.plist;
				INFOPLIST_KEY_UIApplicationSupportsIndirectInputEvents = YES;
				INFOPLIST_KEY_UILaunchStoryboardName = LaunchScreen;
				INFOPLIST_KEY_UIMainStoryboardFile = Main;
				INFOPLIST_KEY_UISupportedInterfaceOrientations_iPad = "UIInterfaceOrientationPortrait UIInterfaceOrientationPortraitUpsideDown UIInterfaceOrientationLandscapeLeft UIInterfaceOrientationLandscapeRight";
				INFOPLIST_KEY_UISupportedInterfaceOrientations_iPhone = "UIInterfaceOrientationPortrait UIInterfaceOrientationLandscapeLeft UIInterfaceOrientationLandscapeRight";
				LD_RUNPATH_SEARCH_PATHS = (
					"$(inherited)",
					"@executable_path/Frameworks",
				);
				MARKETING_VERSION = 1.0;
				PRODUCT_BUNDLE_IDENTIFIER = com.yuanxuehu.KJNoteBook;
				PRODUCT_NAME = "$(TARGET_NAME)";
				SWIFT_EMIT_LOC_STRINGS = YES;
				SWIFT_VERSION = 5.0;
				TARGETED_DEVICE_FAMILY = "1,2";
			};
			name = Debug;
		};
		6878BF7F2C74DCB400EE828F /* Release */ = {
			isa = XCBuildConfiguration;
			buildSettings = {
				ASSETCATALOG_COMPILER_APPICON_NAME = AppIcon;
				ASSETCATALOG_COMPILER_GLOBAL_ACCENT_COLOR_NAME = AccentColor;
				CODE_SIGN_STYLE = Automatic;
				CURRENT_PROJECT_VERSION = 1;
				DEVELOPMENT_TEAM = 6T2VWAK6CR;
				GENERATE_INFOPLIST_FILE = YES;
				INFOPLIST_FILE = KJNoteBook/Info.plist;
				INFOPLIST_KEY_UIApplicationSupportsIndirectInputEvents = YES;
				INFOPLIST_KEY_UILaunchStoryboardName = LaunchScreen;
				INFOPLIST_KEY_UIMainStoryboardFile = Main;
				INFOPLIST_KEY_UISupportedInterfaceOrientations_iPad = "UIInterfaceOrientationPortrait UIInterfaceOrientationPortraitUpsideDown UIInterfaceOrientationLandscapeLeft UIInterfaceOrientationLandscapeRight";
				INFOPLIST_KEY_UISupportedInterfaceOrientations_iPhone = "UIInterfaceOrientationPortrait UIInterfaceOrientationLandscapeLeft UIInterfaceOrientationLandscapeRight";
				LD_RUNPATH_SEARCH_PATHS = (
					"$(inherited)",
					"@executable_path/Frameworks",
				);
				MARKETING_VERSION = 1.0;
				PRODUCT_BUNDLE_IDENTIFIER = com.yuanxuehu.KJNoteBook;
				PRODUCT_NAME = "$(TARGET_NAME)";
				SWIFT_EMIT_LOC_STRINGS = YES;
				SWIFT_VERSION = 5.0;
				TARGETED_DEVICE_FAMILY = "1,2";
			};
			name = Release;
		};
		6878BF812C74DCB400EE828F /* Debug */ = {
			isa = XCBuildConfiguration;
			buildSettings = {
				ALWAYS_EMBED_SWIFT_STANDARD_LIBRARIES = YES;
				BUNDLE_LOADER = "$(TEST_HOST)";
				CODE_SIGN_STYLE = Automatic;
				CURRENT_PROJECT_VERSION = 1;
				DEVELOPMENT_TEAM = 6T2VWAK6CR;
				GENERATE_INFOPLIST_FILE = YES;
				IPHONEOS_DEPLOYMENT_TARGET = 16.0;
				MARKETING_VERSION = 1.0;
				PRODUCT_BUNDLE_IDENTIFIER = com.yuanxuehu.KJNoteBookTests;
				PRODUCT_NAME = "$(TARGET_NAME)";
				SWIFT_EMIT_LOC_STRINGS = NO;
				SWIFT_VERSION = 5.0;
				TARGETED_DEVICE_FAMILY = "1,2";
				TEST_HOST = "$(BUILT_PRODUCTS_DIR)/KJNoteBook.app/$(BUNDLE_EXECUTABLE_FOLDER_PATH)/KJNoteBook";
			};
			name = Debug;
		};
		6878BF822C74DCB400EE828F /* Release */ = {
			isa = XCBuildConfiguration;
			buildSettings = {
				ALWAYS_EMBED_SWIFT_STANDARD_LIBRARIES = YES;
				BUNDLE_LOADER = "$(TEST_HOST)";
				CODE_SIGN_STYLE = Automatic;
				CURRENT_PROJECT_VERSION = 1;
				DEVELOPMENT_TEAM = 6T2VWAK6CR;
				GENERATE_INFOPLIST_FILE = YES;
				IPHONEOS_DEPLOYMENT_TARGET = 16.0;
				MARKETING_VERSION = 1.0;
				PRODUCT_BUNDLE_IDENTIFIER = com.yuanxuehu.KJNoteBookTests;
				PRODUCT_NAME = "$(TARGET_NAME)";
				SWIFT_EMIT_LOC_STRINGS = NO;
				SWIFT_VERSION = 5.0;
				TARGETED_DEVICE_FAMILY = "1,2";
				TEST_HOST = "$(BUILT_PRODUCTS_DIR)/KJNoteBook.app/$(BUNDLE_EXECUTABLE_FOLDER_PATH)/KJNoteBook";
			};
			name = Release;
		};
		6878BF842C74DCB400EE828F /* Debug */ = {
			isa = XCBuildConfiguration;
			buildSettings = {
				ALWAYS_EMBED_SWIFT_STANDARD_LIBRARIES = YES;
				CODE_SIGN_STYLE = Automatic;
				CURRENT_PROJECT_VERSION = 1;
				DEVELOPMENT_TEAM = 6T2VWAK6CR;
				GENERATE_INFOPLIST_FILE = YES;
				MARKETING_VERSION = 1.0;
				PRODUCT_BUNDLE_IDENTIFIER = com.yuanxuehu.KJNoteBookUITests;
				PRODUCT_NAME = "$(TARGET_NAME)";
				SWIFT_EMIT_LOC_STRINGS = NO;
				SWIFT_VERSION = 5.0;
				TARGETED_DEVICE_FAMILY = "1,2";
				TEST_TARGET_NAME = KJNoteBook;
			};
			name = Debug;
		};
		6878BF852C74DCB400EE828F /* Release */ = {
			isa = XCBuildConfiguration;
			buildSettings = {
				ALWAYS_EMBED_SWIFT_STANDARD_LIBRARIES = YES;
				CODE_SIGN_STYLE = Automatic;
				CURRENT_PROJECT_VERSION = 1;
				DEVELOPMENT_TEAM = 6T2VWAK6CR;
				GENERATE_INFOPLIST_FILE = YES;
				MARKETING_VERSION = 1.0;
				PRODUCT_BUNDLE_IDENTIFIER = com.yuanxuehu.KJNoteBookUITests;
				PRODUCT_NAME = "$(TARGET_NAME)";
				SWIFT_EMIT_LOC_STRINGS = NO;
				SWIFT_VERSION = 5.0;
				TARGETED_DEVICE_FAMILY = "1,2";
				TEST_TARGET_NAME = KJNoteBook;
			};
			name = Release;
		};
/* End XCBuildConfiguration section */

/* Begin XCConfigurationList section */
		6878BF4E2C74DCB200EE828F /* Build configuration list for PBXProject "KJNoteBook" */ = {
			isa = XCConfigurationList;
			buildConfigurations = (
				6878BF7B2C74DCB400EE828F /* Debug */,
				6878BF7C2C74DCB400EE828F /* Release */,
			);
			defaultConfigurationIsVisible = 0;
			defaultConfigurationName = Release;
		};
		6878BF7D2C74DCB400EE828F /* Build configuration list for PBXNativeTarget "KJNoteBook" */ = {
			isa = XCConfigurationList;
			buildConfigurations = (
				6878BF7E2C74DCB400EE828F /* Debug */,
				6878BF7F2C74DCB400EE828F /* Release */,
			);
			defaultConfigurationIsVisible = 0;
			defaultConfigurationName = Release;
		};
		6878BF802C74DCB400EE828F /* Build configuration list for PBXNativeTarget "KJNoteBookTests" */ = {
			isa = XCConfigurationList;
			buildConfigurations = (
				6878BF812C74DCB400EE828F /* Debug */,
				6878BF822C74DCB400EE828F /* Release */,
			);
			defaultConfigurationIsVisible = 0;
			defaultConfigurationName = Release;
		};
		6878BF832C74DCB400EE828F /* Build configuration list for PBXNativeTarget "KJNoteBookUITests" */ = {
			isa = XCConfigurationList;
			buildConfigurations = (
				6878BF842C74DCB400EE828F /* Debug */,
				6878BF852C74DCB400EE828F /* Release */,
			);
			defaultConfigurationIsVisible = 0;
			defaultConfigurationName = Release;
		};
/* End XCConfigurationList section */
	};
	rootObject = 6878BF4B2C74DCB200EE828F /* Project object */;
}
